
Microsoft Visual Studio Solution File, Format Version 12.00
# Visual Studio for Mac
Project("{FAE04EC0-301F-11D3-BF4B-00C04F79EFBC}") = "Assembly-CSharp", "Assembly-CSharp.csproj", "{AFE632EC-AEE4-3E44-0EB6-BB5FC453AD32}"
EndProject
Global
	GlobalSection(SolutionConfigurationPlatforms) = preSolution
		Debug|Any CPU = Debug|Any CPU
		Release|Any CPU = Release|Any CPU
	EndGlobalSection
	GlobalSection(ProjectConfigurationPlatforms) = postSolution
		{AFE632EC-AEE4-3E44-0EB6-BB5FC453AD32}.Debug|Any CPU.ActiveCfg = Debug|Any CPU
		{AFE632EC-AEE4-3E44-0EB6-BB5FC453AD32}.Debug|Any CPU.Build.0 = Debug|Any CPU
		{AFE632EC-AEE4-3E44-0EB6-BB5FC453AD32}.Release|Any CPU.ActiveCfg = Release|Any CPU
		{AFE632EC-AEE4-3E44-0EB6-BB5FC453AD32}.Release|Any CPU.Build.0 = Release|Any CPU
	EndGlobalSection
	GlobalSection(SolutionProperties) = preSolution
		HideSolutionNode = FALSE
	EndGlobalSection
EndGlobal
